
Microsoft Visual Studio Solution File, Format Version 12.00
# Visual Studio Version 16
VisualStudioVersion = 16.0.29926.136
MinimumVisualStudioVersion = 10.0.40219.1
Project("{FAE04EC0-301F-11D3-BF4B-00C04F79EFBC}") = "Calculator", "Calculator.csproj", "{A6BF8F8B-2A4D-460F-85DB-71045A44943F}"
EndProject
Global
	GlobalSection(SolutionConfigurationPlatforms) = preSolution
		Debug|Any CPU = Debug|Any CPU
		Release|Any CPU = Release|Any CPU
	EndGlobalSection
	GlobalSection(ProjectConfigurationPlatforms) = postSolution
		{A6BF8F8B-2A4D-460F-85DB-71045A44943F}.Debug|Any CPU.ActiveCfg = Debug|Any CPU
		{A6BF8F8B-2A4D-460F-85DB-71045A44943F}.Debug|Any CPU.Build.0 = Debug|Any CPU
		{A6BF8F8B-2A4D-460F-85DB-71045A44943F}.Release|Any CPU.ActiveCfg = Release|Any CPU
		{A6BF8F8B-2A4D-460F-85DB-71045A44943F}.Release|Any CPU.Build.0 = Release|Any CPU
	EndGlobalSection
	GlobalSection(SolutionProperties) = preSolution
		HideSolutionNode = FALSE
	EndGlobalSection
	GlobalSection(ExtensibilityGlobals) = postSolution
		SolutionGuid = {C6BD64B7-5129-4639-976B-7CFDB28889C5}
	EndGlobalSection
EndGlobal
